
Microsoft Visual Studio Solution File, Format Version 12.00
# Visual Studio Version 17
VisualStudioVersion = 17.8.34601.278
MinimumVisualStudioVersion = 10.0.40219.1
Project("{FAE04EC0-301F-11D3-BF4B-00C04F79EFBC}") = "oop_vize_codes", "oop_vize_codes.csproj", "{B46F09F3-F1F8-4344-A7A9-D0768AC52D8E}"
EndProject
Global
	GlobalSection(SolutionConfigurationPlatforms) = preSolution
		Debug|Any CPU = Debug|Any CPU
		Release|Any CPU = Release|Any CPU
	EndGlobalSection
	GlobalSection(ProjectConfigurationPlatforms) = postSolution
		{B46F09F3-F1F8-4344-A7A9-D0768AC52D8E}.Debug|Any CPU.ActiveCfg = Debug|Any CPU
		{B46F09F3-F1F8-4344-A7A9-D0768AC52D8E}.Debug|Any CPU.Build.0 = Debug|Any CPU
		{B46F09F3-F1F8-4344-A7A9-D0768AC52D8E}.Release|Any CPU.ActiveCfg = Release|Any CPU
		{B46F09F3-F1F8-4344-A7A9-D0768AC52D8E}.Release|Any CPU.Build.0 = Release|Any CPU
	EndGlobalSection
	GlobalSection(SolutionProperties) = preSolution
		HideSolutionNode = FALSE
	EndGlobalSection
	GlobalSection(ExtensibilityGlobals) = postSolution
		SolutionGuid = {98A22C6A-9FE9-442D-994E-D4A4ABE86674}
	EndGlobalSection
EndGlobal
