
Microsoft Visual Studio Solution File, Format Version 12.00
# Visual Studio Version 17
VisualStudioVersion = 17.8.34601.278
MinimumVisualStudioVersion = 10.0.40219.1
Project("{FAE04EC0-301F-11D3-BF4B-00C04F79EFBC}") = "project4", "project4.csproj", "{4FE30C3F-0F4D-4E3F-BF02-B95B11AE816D}"
EndProject
Global
	GlobalSection(SolutionConfigurationPlatforms) = preSolution
		Debug|Any CPU = Debug|Any CPU
		Release|Any CPU = Release|Any CPU
	EndGlobalSection
	GlobalSection(ProjectConfigurationPlatforms) = postSolution
		{4FE30C3F-0F4D-4E3F-BF02-B95B11AE816D}.Debug|Any CPU.ActiveCfg = Debug|Any CPU
		{4FE30C3F-0F4D-4E3F-BF02-B95B11AE816D}.Debug|Any CPU.Build.0 = Debug|Any CPU
		{4FE30C3F-0F4D-4E3F-BF02-B95B11AE816D}.Release|Any CPU.ActiveCfg = Release|Any CPU
		{4FE30C3F-0F4D-4E3F-BF02-B95B11AE816D}.Release|Any CPU.Build.0 = Release|Any CPU
	EndGlobalSection
	GlobalSection(SolutionProperties) = preSolution
		HideSolutionNode = FALSE
	EndGlobalSection
	GlobalSection(ExtensibilityGlobals) = postSolution
		SolutionGuid = {DE88752F-D53F-45E6-A706-A71A6DB332D2}
	EndGlobalSection
EndGlobal
