
Microsoft Visual Studio Solution File, Format Version 12.00
# Visual Studio Version 17
VisualStudioVersion = 17.8.34601.278
MinimumVisualStudioVersion = 10.0.40219.1
Project("{FAE04EC0-301F-11D3-BF4B-00C04F79EFBC}") = "project7", "project7.csproj", "{FE0F04D2-BCE4-4C5C-82DA-E170A2A55A00}"
EndProject
Global
	GlobalSection(SolutionConfigurationPlatforms) = preSolution
		Debug|Any CPU = Debug|Any CPU
		Release|Any CPU = Release|Any CPU
	EndGlobalSection
	GlobalSection(ProjectConfigurationPlatforms) = postSolution
		{FE0F04D2-BCE4-4C5C-82DA-E170A2A55A00}.Debug|Any CPU.ActiveCfg = Debug|Any CPU
		{FE0F04D2-BCE4-4C5C-82DA-E170A2A55A00}.Debug|Any CPU.Build.0 = Debug|Any CPU
		{FE0F04D2-BCE4-4C5C-82DA-E170A2A55A00}.Release|Any CPU.ActiveCfg = Release|Any CPU
		{FE0F04D2-BCE4-4C5C-82DA-E170A2A55A00}.Release|Any CPU.Build.0 = Release|Any CPU
	EndGlobalSection
	GlobalSection(SolutionProperties) = preSolution
		HideSolutionNode = FALSE
	EndGlobalSection
	GlobalSection(ExtensibilityGlobals) = postSolution
		SolutionGuid = {7A065D94-8B24-4484-8B4F-2C93F4FB740D}
	EndGlobalSection
EndGlobal
