
Microsoft Visual Studio Solution File, Format Version 12.00
# Visual Studio Version 17
VisualStudioVersion = 17.8.34601.278
MinimumVisualStudioVersion = 10.0.40219.1
Project("{FAE04EC0-301F-11D3-BF4B-00C04F79EFBC}") = "project5", "project5.csproj", "{D01B6FA7-22FB-428D-87AB-627CF7D27583}"
EndProject
Global
	GlobalSection(SolutionConfigurationPlatforms) = preSolution
		Debug|Any CPU = Debug|Any CPU
		Release|Any CPU = Release|Any CPU
	EndGlobalSection
	GlobalSection(ProjectConfigurationPlatforms) = postSolution
		{D01B6FA7-22FB-428D-87AB-627CF7D27583}.Debug|Any CPU.ActiveCfg = Debug|Any CPU
		{D01B6FA7-22FB-428D-87AB-627CF7D27583}.Debug|Any CPU.Build.0 = Debug|Any CPU
		{D01B6FA7-22FB-428D-87AB-627CF7D27583}.Release|Any CPU.ActiveCfg = Release|Any CPU
		{D01B6FA7-22FB-428D-87AB-627CF7D27583}.Release|Any CPU.Build.0 = Release|Any CPU
	EndGlobalSection
	GlobalSection(SolutionProperties) = preSolution
		HideSolutionNode = FALSE
	EndGlobalSection
	GlobalSection(ExtensibilityGlobals) = postSolution
		SolutionGuid = {B7D971B6-39D3-4DD8-A43D-563ACC6EB046}
	EndGlobalSection
EndGlobal
