
Microsoft Visual Studio Solution File, Format Version 12.00
# Visual Studio Version 17
VisualStudioVersion = 17.8.34601.278
MinimumVisualStudioVersion = 10.0.40219.1
Project("{FAE04EC0-301F-11D3-BF4B-00C04F79EFBC}") = "MultipleImplementation", "MultipleImplementation.csproj", "{965931F9-47A6-46EC-AA9A-C1915125FBCE}"
EndProject
Global
	GlobalSection(SolutionConfigurationPlatforms) = preSolution
		Debug|Any CPU = Debug|Any CPU
		Release|Any CPU = Release|Any CPU
	EndGlobalSection
	GlobalSection(ProjectConfigurationPlatforms) = postSolution
		{965931F9-47A6-46EC-AA9A-C1915125FBCE}.Debug|Any CPU.ActiveCfg = Debug|Any CPU
		{965931F9-47A6-46EC-AA9A-C1915125FBCE}.Debug|Any CPU.Build.0 = Debug|Any CPU
		{965931F9-47A6-46EC-AA9A-C1915125FBCE}.Release|Any CPU.ActiveCfg = Release|Any CPU
		{965931F9-47A6-46EC-AA9A-C1915125FBCE}.Release|Any CPU.Build.0 = Release|Any CPU
	EndGlobalSection
	GlobalSection(SolutionProperties) = preSolution
		HideSolutionNode = FALSE
	EndGlobalSection
	GlobalSection(ExtensibilityGlobals) = postSolution
		SolutionGuid = {1858BF5A-87D6-454D-B8CF-6ED1D97DB6B3}
	EndGlobalSection
EndGlobal
